
Microsoft Visual Studio Solution File, Format Version 12.00
# Visual Studio Version 16
VisualStudioVersion = 16.0.31005.135
MinimumVisualStudioVersion = 10.0.40219.1
Project("{FAE04EC0-301F-11D3-BF4B-00C04F79EFBC}") = "TechnicalChallenge", "TechnicalChallenge\TechnicalChallenge.csproj", "{06EEF2B1-A300-4FE3-8FAD-C5FF7DD9181B}"
EndProject
Global
	GlobalSection(SolutionConfigurationPlatforms) = preSolution
		Debug|Any CPU = Debug|Any CPU
		Release|Any CPU = Release|Any CPU
	EndGlobalSection
	GlobalSection(ProjectConfigurationPlatforms) = postSolution
		{06EEF2B1-A300-4FE3-8FAD-C5FF7DD9181B}.Debug|Any CPU.ActiveCfg = Debug|Any CPU
		{06EEF2B1-A300-4FE3-8FAD-C5FF7DD9181B}.Debug|Any CPU.Build.0 = Debug|Any CPU
		{06EEF2B1-A300-4FE3-8FAD-C5FF7DD9181B}.Release|Any CPU.ActiveCfg = Release|Any CPU
		{06EEF2B1-A300-4FE3-8FAD-C5FF7DD9181B}.Release|Any CPU.Build.0 = Release|Any CPU
	EndGlobalSection
	GlobalSection(SolutionProperties) = preSolution
		HideSolutionNode = FALSE
	EndGlobalSection
	GlobalSection(ExtensibilityGlobals) = postSolution
		SolutionGuid = {E6A24F3B-5400-4210-ADE0-2EE0A96E9B4F}
	EndGlobalSection
EndGlobal
